// !$*UTF8*$!
{
	archiveVersion = 1;
	classes = {
	};
	objectVersion = 56;
	objects = {

/* Begin PBXBuildFile section */
		2814E521298BF2E900FB94A7 /* AppDelegate.swift in Sources */ = {isa = PBXBuildFile; fileRef = 2814E520298BF2E900FB94A7 /* AppDelegate.swift */; };
		2814E523298BF2E900FB94A7 /* SceneDelegate.swift in Sources */ = {isa = PBXBuildFile; fileRef = 2814E522298BF2E900FB94A7 /* SceneDelegate.swift */; };
		2814E525298BF2E900FB94A7 /* CalculateViewController.swift in Sources */ = {isa = PBXBuildFile; fileRef = 2814E524298BF2E900FB94A7 /* CalculateViewController.swift */; };
		2814E528298BF2E900FB94A7 /* Main.storyboard in Resources */ = {isa = PBXBuildFile; fileRef = 2814E526298BF2E900FB94A7 /* Main.storyboard */; };
		2814E52A298BF2ED00FB94A7 /* Assets.xcassets in Resources */ = {isa = PBXBuildFile; fileRef = 2814E529298BF2ED00FB94A7 /* Assets.xcassets */; };
		2814E52D298BF2ED00FB94A7 /* LaunchScreen.storyboard in Resources */ = {isa = PBXBuildFile; fileRef = 2814E52B298BF2ED00FB94A7 /* LaunchScreen.storyboard */; };
		2842F9FB298CD4E70042235F /* ResultViewController.swift in Sources */ = {isa = PBXBuildFile; fileRef = 2842F9FA298CD4E70042235F /* ResultViewController.swift */; };
		2842F9FD298CDD740042235F /* CalculatorBrain.swift in Sources */ = {isa = PBXBuildFile; fileRef = 2842F9FC298CDD740042235F /* CalculatorBrain.swift */; };
		2842F9FF298D0D1D0042235F /* BMI.swift in Sources */ = {isa = PBXBuildFile; fileRef = 2842F9FE298D0D1D0042235F /* BMI.swift */; };
		286F259329C58CA70018B7F8 /* README.md in Resources */ = {isa = PBXBuildFile; fileRef = 286F259229C58CA70018B7F8 /* README.md */; };
		286F259629C58D0A0018B7F8 /* ScreeniPhone14.png in Resources */ = {isa = PBXBuildFile; fileRef = 286F259529C58D0A0018B7F8 /* ScreeniPhone14.png */; };
		286F259829C58F350018B7F8 /* appWork.gif in Resources */ = {isa = PBXBuildFile; fileRef = 286F259729C58F350018B7F8 /* appWork.gif */; };
/* End PBXBuildFile section */

/* Begin PBXFileReference section */
		2814E51D298BF2E900FB94A7 /* BMICalculator.app */ = {isa = PBXFileReference; explicitFileType = wrapper.application; includeInIndex = 0; path = BMICalculator.app; sourceTree = BUILT_PRODUCTS_DIR; };
		2814E520298BF2E900FB94A7 /* AppDelegate.swift */ = {isa = PBXFileReference; lastKnownFileType = sourcecode.swift; path = AppDelegate.swift; sourceTree = "<group>"; };
		2814E522298BF2E900FB94A7 /* SceneDelegate.swift */ = {isa = PBXFileReference; lastKnownFileType = sourcecode.swift; path = SceneDelegate.swift; sourceTree = "<group>"; };
		2814E524298BF2E900FB94A7 /* CalculateViewController.swift */ = {isa = PBXFileReference; lastKnownFileType = sourcecode.swift; path = CalculateViewController.swift; sourceTree = "<group>"; };
		2814E527298BF2E900FB94A7 /* Base */ = {isa = PBXFileReference; lastKnownFileType = file.storyboard; name = Base; path = Base.lproj/Main.storyboard; sourceTree = "<group>"; };
		2814E529298BF2ED00FB94A7 /* Assets.xcassets */ = {isa = PBXFileReference; lastKnownFileType = folder.assetcatalog; path = Assets.xcassets; sourceTree = "<group>"; };
		2814E52C298BF2ED00FB94A7 /* Base */ = {isa = PBXFileReference; lastKnownFileType = file.storyboard; name = Base; path = Base.lproj/LaunchScreen.storyboard; sourceTree = "<group>"; };
		2814E52E298BF2ED00FB94A7 /* Info.plist */ = {isa = PBXFileReference; lastKnownFileType = text.plist.xml; path = Info.plist; sourceTree = "<group>"; };
		2842F9FA298CD4E70042235F /* ResultViewController.swift */ = {isa = PBXFileReference; lastKnownFileType = sourcecode.swift; path = ResultViewController.swift; sourceTree = "<group>"; };
		2842F9FC298CDD740042235F /* CalculatorBrain.swift */ = {isa = PBXFileReference; lastKnownFileType = sourcecode.swift; path = CalculatorBrain.swift; sourceTree = "<group>"; };
		2842F9FE298D0D1D0042235F /* BMI.swift */ = {isa = PBXFileReference; lastKnownFileType = sourcecode.swift; path = BMI.swift; sourceTree = "<group>"; };
		286F259229C58CA70018B7F8 /* README.md */ = {isa = PBXFileReference; fileEncoding = 4; lastKnownFileType = net.daringfireball.markdown; path = README.md; sourceTree = "<group>"; };
		286F259529C58D0A0018B7F8 /* ScreeniPhone14.png */ = {isa = PBXFileReference; lastKnownFileType = image.png; path = ScreeniPhone14.png; sourceTree = "<group>"; };
		286F259729C58F350018B7F8 /* appWork.gif */ = {isa = PBXFileReference; lastKnownFileType = image.gif; path = appWork.gif; sourceTree = "<group>"; };
/* End PBXFileReference section */

/* Begin PBXFrameworksBuildPhase section */
		2814E51A298BF2E900FB94A7 /* Frameworks */ = {
			isa = PBXFrameworksBuildPhase;
			buildActionMask = 2147483647;
			files = (
			);
			runOnlyForDeploymentPostprocessing = 0;
		};
/* End PBXFrameworksBuildPhase section */

/* Begin PBXGroup section */
		2814E514298BF2E900FB94A7 = {
			isa = PBXGroup;
			children = (
				286F259229C58CA70018B7F8 /* README.md */,
				286F259429C58CCB0018B7F8 /* ReadmeResources */,
				2814E51F298BF2E900FB94A7 /* BMICalculator */,
				2814E51E298BF2E900FB94A7 /* Products */,
			);
			sourceTree = "<group>";
		};
		2814E51E298BF2E900FB94A7 /* Products */ = {
			isa = PBXGroup;
			children = (
				2814E51D298BF2E900FB94A7 /* BMICalculator.app */,
			);
			name = Products;
			sourceTree = "<group>";
		};
		2814E51F298BF2E900FB94A7 /* BMICalculator */ = {
			isa = PBXGroup;
			children = (
				2814E520298BF2E900FB94A7 /* AppDelegate.swift */,
				2814E522298BF2E900FB94A7 /* SceneDelegate.swift */,
				2814E536298BF3D300FB94A7 /* Models */,
				2814E534298BF3AF00FB94A7 /* Views */,
				2814E535298BF3BA00FB94A7 /* Controllers */,
				2814E529298BF2ED00FB94A7 /* Assets.xcassets */,
				2814E52E298BF2ED00FB94A7 /* Info.plist */,
			);
			path = BMICalculator;
			sourceTree = "<group>";
		};
		2814E534298BF3AF00FB94A7 /* Views */ = {
			isa = PBXGroup;
			children = (
				2814E526298BF2E900FB94A7 /* Main.storyboard */,
				2814E52B298BF2ED00FB94A7 /* LaunchScreen.storyboard */,
			);
			path = Views;
			sourceTree = "<group>";
		};
		2814E535298BF3BA00FB94A7 /* Controllers */ = {
			isa = PBXGroup;
			children = (
				2814E524298BF2E900FB94A7 /* CalculateViewController.swift */,
				2842F9FA298CD4E70042235F /* ResultViewController.swift */,
			);
			path = Controllers;
			sourceTree = "<group>";
		};
		2814E536298BF3D300FB94A7 /* Models */ = {
			isa = PBXGroup;
			children = (
				2842F9FC298CDD740042235F /* CalculatorBrain.swift */,
				2842F9FE298D0D1D0042235F /* BMI.swift */,
			);
			path = Models;
			sourceTree = "<group>";
		};
		286F259429C58CCB0018B7F8 /* ReadmeResources */ = {
			isa = PBXGroup;
			children = (
				286F259529C58D0A0018B7F8 /* ScreeniPhone14.png */,
				286F259729C58F350018B7F8 /* appWork.gif */,
			);
			path = ReadmeResources;
			sourceTree = "<group>";
		};
/* End PBXGroup section */

/* Begin PBXNativeTarget section */
		2814E51C298BF2E900FB94A7 /* BMICalculator */ = {
			isa = PBXNativeTarget;
			buildConfigurationList = 2814E531298BF2ED00FB94A7 /* Build configuration list for PBXNativeTarget "BMICalculator" */;
			buildPhases = (
				2814E519298BF2E900FB94A7 /* Sources */,
				2814E51A298BF2E900FB94A7 /* Frameworks */,
				2814E51B298BF2E900FB94A7 /* Resources */,
			);
			buildRules = (
			);
			dependencies = (
			);
			name = BMICalculator;
			productName = BMICalculator;
			productReference = 2814E51D298BF2E900FB94A7 /* BMICalculator.app */;
			productType = "com.apple.product-type.application";
		};
/* End PBXNativeTarget section */

/* Begin PBXProject section */
		2814E515298BF2E900FB94A7 /* Project object */ = {
			isa = PBXProject;
			attributes = {
				BuildIndependentTargetsInParallel = 1;
				LastSwiftUpdateCheck = 1410;
				LastUpgradeCheck = 1410;
				TargetAttributes = {
					2814E51C298BF2E900FB94A7 = {
						CreatedOnToolsVersion = 14.1;
					};
				};
			};
			buildConfigurationList = 2814E518298BF2E900FB94A7 /* Build configuration list for PBXProject "BMICalculator" */;
			compatibilityVersion = "Xcode 14.0";
			developmentRegion = en;
			hasScannedForEncodings = 0;
			knownRegions = (
				en,
				Base,
			);
			mainGroup = 2814E514298BF2E900FB94A7;
			productRefGroup = 2814E51E298BF2E900FB94A7 /* Products */;
			projectDirPath = "";
			projectRoot = "";
			targets = (
				2814E51C298BF2E900FB94A7 /* BMICalculator */,
			);
		};
/* End PBXProject section */

/* Begin PBXResourcesBuildPhase section */
		2814E51B298BF2E900FB94A7 /* Resources */ = {
			isa = PBXResourcesBuildPhase;
			buildActionMask = 2147483647;
			files = (
				286F259629C58D0A0018B7F8 /* ScreeniPhone14.png in Resources */,
				2814E52D298BF2ED00FB94A7 /* LaunchScreen.storyboard in Resources */,
				2814E52A298BF2ED00FB94A7 /* Assets.xcassets in Resources */,
				286F259829C58F350018B7F8 /* appWork.gif in Resources */,
				286F259329C58CA70018B7F8 /* README.md in Resources */,
				2814E528298BF2E900FB94A7 /* Main.storyboard in Resources */,
			);
			runOnlyForDeploymentPostprocessing = 0;
		};
/* End PBXResourcesBuildPhase section */

/* Begin PBXSourcesBuildPhase section */
		2814E519298BF2E900FB94A7 /* Sources */ = {
			isa = PBXSourcesBuildPhase;
			buildActionMask = 2147483647;
			files = (
				2814E525298BF2E900FB94A7 /* CalculateViewController.swift in Sources */,
				2814E521298BF2E900FB94A7 /* AppDelegate.swift in Sources */,
				2814E523298BF2E900FB94A7 /* SceneDelegate.swift in Sources */,
				2842F9FD298CDD740042235F /* CalculatorBrain.swift in Sources */,
				2842F9FF298D0D1D0042235F /* BMI.swift in Sources */,
				2842F9FB298CD4E70042235F /* ResultViewController.swift in Sources */,
			);
			runOnlyForDeploymentPostprocessing = 0;
		};
/* End PBXSourcesBuildPhase section */

/* Begin PBXVariantGroup section */
		2814E526298BF2E900FB94A7 /* Main.storyboard */ = {
			isa = PBXVariantGroup;
			children = (
				2814E527298BF2E900FB94A7 /* Base */,
			);
			name = Main.storyboard;
			sourceTree = "<group>";
		};
		2814E52B298BF2ED00FB94A7 /* LaunchScreen.storyboard */ = {
			isa = PBXVariantGroup;
			children = (
				2814E52C298BF2ED00FB94A7 /* Base */,
			);
			name = LaunchScreen.storyboard;
			sourceTree = "<group>";
		};
/* End PBXVariantGroup section */

/* Begin XCBuildConfiguration section */
		2814E52F298BF2ED00FB94A7 /* Debug */ = {
			isa = XCBuildConfiguration;
			buildSettings = {
				ALWAYS_SEARCH_USER_PATHS = NO;
				CLANG_ANALYZER_NONNULL = YES;
				CLANG_ANALYZER_NUMBER_OBJECT_CONVERSION = YES_AGGRESSIVE;
				CLANG_CXX_LANGUAGE_STANDARD = "gnu++20";
				CLANG_ENABLE_MODULES = YES;
				CLANG_ENABLE_OBJC_ARC = YES;
				CLANG_ENABLE_OBJC_WEAK = YES;
				CLANG_WARN_BLOCK_CAPTURE_AUTORELEASING = YES;
				CLANG_WARN_BOOL_CONVERSION = YES;
				CLANG_WARN_COMMA = YES;
				CLANG_WARN_CONSTANT_CONVERSION = YES;
				CLANG_WARN_DEPRECATED_OBJC_IMPLEMENTATIONS = YES;
				CLANG_WARN_DIRECT_OBJC_ISA_USAGE = YES_ERROR;
				CLANG_WARN_DOCUMENTATION_COMMENTS = YES;
				CLANG_WARN_EMPTY_BODY = YES;
				CLANG_WARN_ENUM_CONVERSION = YES;
				CLANG_WARN_INFINITE_RECURSION = YES;
				CLANG_WARN_INT_CONVERSION = YES;
				CLANG_WARN_NON_LITERAL_NULL_CONVERSION = YES;
				CLANG_WARN_OBJC_IMPLICIT_RETAIN_SELF = YES;
				CLANG_WARN_OBJC_LITERAL_CONVERSION = YES;
				CLANG_WARN_OBJC_ROOT_CLASS = YES_ERROR;
				CLANG_WARN_QUOTED_INCLUDE_IN_FRAMEWORK_HEADER = YES;
				CLANG_WARN_RANGE_LOOP_ANALYSIS = YES;
				CLANG_WARN_STRICT_PROTOTYPES = YES;
				CLANG_WARN_SUSPICIOUS_MOVE = YES;
				CLANG_WARN_UNGUARDED_AVAILABILITY = YES_AGGRESSIVE;
				CLANG_WARN_UNREACHABLE_CODE = YES;
				CLANG_WARN__DUPLICATE_METHOD_MATCH = YES;
				COPY_PHASE_STRIP = NO;
				DEBUG_INFORMATION_FORMAT = dwarf;
				ENABLE_STRICT_OBJC_MSGSEND = YES;
				ENABLE_TESTABILITY = YES;
				GCC_C_LANGUAGE_STANDARD = gnu11;
				GCC_DYNAMIC_NO_PIC = NO;
				GCC_NO_COMMON_BLOCKS = YES;
				GCC_OPTIMIZATION_LEVEL = 0;
				GCC_PREPROCESSOR_DEFINITIONS = (
					"DEBUG=1",
					"$(inherited)",
				);
				GCC_WARN_64_TO_32_BIT_CONVERSION = YES;
				GCC_WARN_ABOUT_RETURN_TYPE = YES_ERROR;
				GCC_WARN_UNDECLARED_SELECTOR = YES;
				GCC_WARN_UNINITIALIZED_AUTOS = YES_AGGRESSIVE;
				GCC_WARN_UNUSED_FUNCTION = YES;
				GCC_WARN_UNUSED_VARIABLE = YES;
				IPHONEOS_DEPLOYMENT_TARGET = 16.1;
				MTL_ENABLE_DEBUG_INFO = INCLUDE_SOURCE;
				MTL_FAST_MATH = YES;
				ONLY_ACTIVE_ARCH = YES;
				SDKROOT = iphoneos;
				SWIFT_ACTIVE_COMPILATION_CONDITIONS = DEBUG;
				SWIFT_OPTIMIZATION_LEVEL = "-Onone";
			};
			name = Debug;
		};
		2814E530298BF2ED00FB94A7 /* Release */ = {
			isa = XCBuildConfiguration;
			buildSettings = {
				ALWAYS_SEARCH_USER_PATHS = NO;
				CLANG_ANALYZER_NONNULL = YES;
				CLANG_ANALYZER_NUMBER_OBJECT_CONVERSION = YES_AGGRESSIVE;
				CLANG_CXX_LANGUAGE_STANDARD = "gnu++20";
				CLANG_ENABLE_MODULES = YES;
				CLANG_ENABLE_OBJC_ARC = YES;
				CLANG_ENABLE_OBJC_WEAK = YES;
				CLANG_WARN_BLOCK_CAPTURE_AUTORELEASING = YES;
				CLANG_WARN_BOOL_CONVERSION = YES;
				CLANG_WARN_COMMA = YES;
				CLANG_WARN_CONSTANT_CONVERSION = YES;
				CLANG_WARN_DEPRECATED_OBJC_IMPLEMENTATIONS = YES;
				CLANG_WARN_DIRECT_OBJC_ISA_USAGE = YES_ERROR;
				CLANG_WARN_DOCUMENTATION_COMMENTS = YES;
				CLANG_WARN_EMPTY_BODY = YES;
				CLANG_WARN_ENUM_CONVERSION = YES;
				CLANG_WARN_INFINITE_RECURSION = YES;
				CLANG_WARN_INT_CONVERSION = YES;
				CLANG_WARN_NON_LITERAL_NULL_CONVERSION = YES;
				CLANG_WARN_OBJC_IMPLICIT_RETAIN_SELF = YES;
				CLANG_WARN_OBJC_LITERAL_CONVERSION = YES;
				CLANG_WARN_OBJC_ROOT_CLASS = YES_ERROR;
				CLANG_WARN_QUOTED_INCLUDE_IN_FRAMEWORK_HEADER = YES;
				CLANG_WARN_RANGE_LOOP_ANALYSIS = YES;
				CLANG_WARN_STRICT_PROTOTYPES = YES;
				CLANG_WARN_SUSPICIOUS_MOVE = YES;
				CLANG_WARN_UNGUARDED_AVAILABILITY = YES_AGGRESSIVE;
				CLANG_WARN_UNREACHABLE_CODE = YES;
				CLANG_WARN__DUPLICATE_METHOD_MATCH = YES;
				COPY_PHASE_STRIP = NO;
				DEBUG_INFORMATION_FORMAT = "dwarf-with-dsym";
				ENABLE_NS_ASSERTIONS = NO;
				ENABLE_STRICT_OBJC_MSGSEND = YES;
				GCC_C_LANGUAGE_STANDARD = gnu11;
				GCC_NO_COMMON_BLOCKS = YES;
				GCC_WARN_64_TO_32_BIT_CONVERSION = YES;
				GCC_WARN_ABOUT_RETURN_TYPE = YES_ERROR;
				GCC_WARN_UNDECLARED_SELECTOR = YES;
				GCC_WARN_UNINITIALIZED_AUTOS = YES_AGGRESSIVE;
				GCC_WARN_UNUSED_FUNCTION = YES;
				GCC_WARN_UNUSED_VARIABLE = YES;
				IPHONEOS_DEPLOYMENT_TARGET = 16.1;
				MTL_ENABLE_DEBUG_INFO = NO;
				MTL_FAST_MATH = YES;
				SDKROOT = iphoneos;
				SWIFT_COMPILATION_MODE = wholemodule;
				SWIFT_OPTIMIZATION_LEVEL = "-O";
				VALIDATE_PRODUCT = YES;
			};
			name = Release;
		};
		2814E532298BF2ED00FB94A7 /* Debug */ = {
			isa = XCBuildConfiguration;
			buildSettings = {
				ASSETCATALOG_COMPILER_APPICON_NAME = AppIcon;
				ASSETCATALOG_COMPILER_GLOBAL_ACCENT_COLOR_NAME = AccentColor;
				CODE_SIGN_STYLE = Automatic;
				CURRENT_PROJECT_VERSION = 1;
				DEVELOPMENT_TEAM = U824AND8KD;
				GENERATE_INFOPLIST_FILE = YES;
				INFOPLIST_FILE = BMICalculator/Info.plist;
				INFOPLIST_KEY_UIApplicationSupportsIndirectInputEvents = YES;
				INFOPLIST_KEY_UILaunchStoryboardName = LaunchScreen;
				INFOPLIST_KEY_UIMainStoryboardFile = Main;
				INFOPLIST_KEY_UISupportedInterfaceOrientations_iPad = "UIInterfaceOrientationPortrait UIInterfaceOrientationPortraitUpsideDown UIInterfaceOrientationLandscapeLeft UIInterfaceOrientationLandscapeRight";
				INFOPLIST_KEY_UISupportedInterfaceOrientations_iPhone = "UIInterfaceOrientationPortrait UIInterfaceOrientationLandscapeLeft UIInterfaceOrientationLandscapeRight";
				LD_RUNPATH_SEARCH_PATHS = (
					"$(inherited)",
					"@executable_path/Frameworks",
				);
				MARKETING_VERSION = 1.0;
				PRODUCT_BUNDLE_IDENTIFIER = Saf.BMICalculator;
				PRODUCT_NAME = "$(TARGET_NAME)";
				SWIFT_EMIT_LOC_STRINGS = YES;
				SWIFT_VERSION = 5.0;
				TARGETED_DEVICE_FAMILY = "1,2";
			};
			name = Debug;
		};
		2814E533298BF2ED00FB94A7 /* Release */ = {
			isa = XCBuildConfiguration;
			buildSettings = {
				ASSETCATALOG_COMPILER_APPICON_NAME = AppIcon;
				ASSETCATALOG_COMPILER_GLOBAL_ACCENT_COLOR_NAME = AccentColor;
				CODE_SIGN_STYLE = Automatic;
				CURRENT_PROJECT_VERSION = 1;
				DEVELOPMENT_TEAM = U824AND8KD;
				GENERATE_INFOPLIST_FILE = YES;
				INFOPLIST_FILE = BMICalculator/Info.plist;
				INFOPLIST_KEY_UIApplicationSupportsIndirectInputEvents = YES;
				INFOPLIST_KEY_UILaunchStoryboardName = LaunchScreen;
				INFOPLIST_KEY_UIMainStoryboardFile = Main;
				INFOPLIST_KEY_UISupportedInterfaceOrientations_iPad = "UIInterfaceOrientationPortrait UIInterfaceOrientationPortraitUpsideDown UIInterfaceOrientationLandscapeLeft UIInterfaceOrientationLandscapeRight";
				INFOPLIST_KEY_UISupportedInterfaceOrientations_iPhone = "UIInterfaceOrientationPortrait UIInterfaceOrientationLandscapeLeft UIInterfaceOrientationLandscapeRight";
				LD_RUNPATH_SEARCH_PATHS = (
					"$(inherited)",
					"@executable_path/Frameworks",
				);
				MARKETING_VERSION = 1.0;
				PRODUCT_BUNDLE_IDENTIFIER = Saf.BMICalculator;
				PRODUCT_NAME = "$(TARGET_NAME)";
				SWIFT_EMIT_LOC_STRINGS = YES;
				SWIFT_VERSION = 5.0;
				TARGETED_DEVICE_FAMILY = "1,2";
			};
			name = Release;
		};
/* End XCBuildConfiguration section */

/* Begin XCConfigurationList section */
		2814E518298BF2E900FB94A7 /* Build configuration list for PBXProject "BMICalculator" */ = {
			isa = XCConfigurationList;
			buildConfigurations = (
				2814E52F298BF2ED00FB94A7 /* Debug */,
				2814E530298BF2ED00FB94A7 /* Release */,
			);
			defaultConfigurationIsVisible = 0;
			defaultConfigurationName = Release;
		};
		2814E531298BF2ED00FB94A7 /* Build configuration list for PBXNativeTarget "BMICalculator" */ = {
			isa = XCConfigurationList;
			buildConfigurations = (
				2814E532298BF2ED00FB94A7 /* Debug */,
				2814E533298BF2ED00FB94A7 /* Release */,
			);
			defaultConfigurationIsVisible = 0;
			defaultConfigurationName = Release;
		};
/* End XCConfigurationList section */
	};
	rootObject = 2814E515298BF2E900FB94A7 /* Project object */;
}
